# This file is autogenerated, do not edit; changes may be undone by the next 'dep ensure'.


[[projects]]
  branch = "master"
  name = "github.com/ziutek/sched"
  packages = ["."]
  revision = "99e9aee91990fe2b7e01fcedee81651ada3aad83"

[[projects]]
  branch = "master"
  name = "github.com/ziutek/textenc"
  packages = ["."]
  revision = "29f7253533e967ba732d1356a2ba87afc67937d5"

[[projects]]
  branch = "master"
  name = "github.com/ziutek/thread"
  packages = ["."]
  revision = "f23f229f4583cf0e5e0aab4cd265023ba7f525bb"

[solve-meta]
  analyzer-name = "dep"
  analyzer-version = 1
  inputs-digest = "027b56aed7b1b0398f65b2fb3c29c4e77adb02f6a9f7244da377c28d51921632"
  solver-name = "gps-cdcl"
  solver-version = 1
